
Microsoft Visual Studio Solution File, Format Version 12.00
# Visual Studio Version 16
VisualStudioVersion = 16.0.30907.101
MinimumVisualStudioVersion = 10.0.40219.1
Project("{FAE04EC0-301F-11D3-BF4B-00C04F79EFBC}") = "TestIteratori", "TestIteratori\TestIteratori.csproj", "{379D7B52-90FE-46D8-8E25-3ACF87FF0072}"
EndProject
Project("{FAE04EC0-301F-11D3-BF4B-00C04F79EFBC}") = "UnitTestProject1", "UnitTestProject1\UnitTestProject1.csproj", "{D1BE1365-D3CB-42DE-8BF4-E1AA744C82E8}"
EndProject
Global
	GlobalSection(SolutionConfigurationPlatforms) = preSolution
		Debug|Any CPU = Debug|Any CPU
		Release|Any CPU = Release|Any CPU
	EndGlobalSection
	GlobalSection(ProjectConfigurationPlatforms) = postSolution
		{379D7B52-90FE-46D8-8E25-3ACF87FF0072}.Debug|Any CPU.ActiveCfg = Debug|Any CPU
		{379D7B52-90FE-46D8-8E25-3ACF87FF0072}.Debug|Any CPU.Build.0 = Debug|Any CPU
		{379D7B52-90FE-46D8-8E25-3ACF87FF0072}.Release|Any CPU.ActiveCfg = Release|Any CPU
		{379D7B52-90FE-46D8-8E25-3ACF87FF0072}.Release|Any CPU.Build.0 = Release|Any CPU
		{D1BE1365-D3CB-42DE-8BF4-E1AA744C82E8}.Debug|Any CPU.ActiveCfg = Debug|Any CPU
		{D1BE1365-D3CB-42DE-8BF4-E1AA744C82E8}.Debug|Any CPU.Build.0 = Debug|Any CPU
		{D1BE1365-D3CB-42DE-8BF4-E1AA744C82E8}.Release|Any CPU.ActiveCfg = Release|Any CPU
		{D1BE1365-D3CB-42DE-8BF4-E1AA744C82E8}.Release|Any CPU.Build.0 = Release|Any CPU
	EndGlobalSection
	GlobalSection(SolutionProperties) = preSolution
		HideSolutionNode = FALSE
	EndGlobalSection
	GlobalSection(ExtensibilityGlobals) = postSolution
		SolutionGuid = {BAA08BD2-ADDD-4FB0-B20B-79AC401AFC1F}
	EndGlobalSection
EndGlobal
