
Microsoft Visual Studio Solution File, Format Version 12.00
# Visual Studio Version 16
VisualStudioVersion = 16.0.30907.101
MinimumVisualStudioVersion = 10.0.40219.1
Project("{FAE04EC0-301F-11D3-BF4B-00C04F79EFBC}") = "ClassLibrary1", "ClassLibrary1\ClassLibrary1.csproj", "{99D6DE99-C5CE-4189-B3AF-BFC7D05384CE}"
EndProject
Global
	GlobalSection(SolutionConfigurationPlatforms) = preSolution
		Debug|Any CPU = Debug|Any CPU
		Release|Any CPU = Release|Any CPU
	EndGlobalSection
	GlobalSection(ProjectConfigurationPlatforms) = postSolution
		{99D6DE99-C5CE-4189-B3AF-BFC7D05384CE}.Debug|Any CPU.ActiveCfg = Debug|Any CPU
		{99D6DE99-C5CE-4189-B3AF-BFC7D05384CE}.Debug|Any CPU.Build.0 = Debug|Any CPU
		{99D6DE99-C5CE-4189-B3AF-BFC7D05384CE}.Release|Any CPU.ActiveCfg = Release|Any CPU
		{99D6DE99-C5CE-4189-B3AF-BFC7D05384CE}.Release|Any CPU.Build.0 = Release|Any CPU
	EndGlobalSection
	GlobalSection(SolutionProperties) = preSolution
		HideSolutionNode = FALSE
	EndGlobalSection
	GlobalSection(ExtensibilityGlobals) = postSolution
		SolutionGuid = {854C98ED-152D-45B3-ADAD-368087E8C972}
	EndGlobalSection
EndGlobal
